
Microsoft Visual Studio Solution File, Format Version 12.00
# Visual Studio Version 17
VisualStudioVersion = 17.3.32819.101
MinimumVisualStudioVersion = 10.0.40219.1
Project("{FAE04EC0-301F-11D3-BF4B-00C04F79EFBC}") = "core1", "core1\core1.csproj", "{2F3208F6-38E3-42D2-8A64-F8ACA93208BC}"
EndProject
Global
	GlobalSection(SolutionConfigurationPlatforms) = preSolution
		Debug|Any CPU = Debug|Any CPU
		Release|Any CPU = Release|Any CPU
	EndGlobalSection
	GlobalSection(ProjectConfigurationPlatforms) = postSolution
		{2F3208F6-38E3-42D2-8A64-F8ACA93208BC}.Debug|Any CPU.ActiveCfg = Debug|Any CPU
		{2F3208F6-38E3-42D2-8A64-F8ACA93208BC}.Debug|Any CPU.Build.0 = Debug|Any CPU
		{2F3208F6-38E3-42D2-8A64-F8ACA93208BC}.Release|Any CPU.ActiveCfg = Release|Any CPU
		{2F3208F6-38E3-42D2-8A64-F8ACA93208BC}.Release|Any CPU.Build.0 = Release|Any CPU
	EndGlobalSection
	GlobalSection(SolutionProperties) = preSolution
		HideSolutionNode = FALSE
	EndGlobalSection
	GlobalSection(ExtensibilityGlobals) = postSolution
		SolutionGuid = {FD7339CA-D931-4BCD-96AA-7BFE69A00458}
	EndGlobalSection
EndGlobal
